// !$*UTF8*$!
{
	archiveVersion = 1;
	classes = {
	};
	objectVersion = 50;
	objects = {

/* Begin PBXBuildFile section */
		951D2B9A239A5C58003E2B87 /* AppDelegate.swift in Sources */ = {isa = PBXBuildFile; fileRef = 951D2B99239A5C58003E2B87 /* AppDelegate.swift */; };
		951D2B9C239A5C58003E2B87 /* SceneDelegate.swift in Sources */ = {isa = PBXBuildFile; fileRef = 951D2B9B239A5C58003E2B87 /* SceneDelegate.swift */; };
		951D2BA0239A5C59003E2B87 /* Assets.xcassets in Resources */ = {isa = PBXBuildFile; fileRef = 951D2B9F239A5C59003E2B87 /* Assets.xcassets */; };
		951D2BA3239A5C59003E2B87 /* Preview Assets.xcassets in Resources */ = {isa = PBXBuildFile; fileRef = 951D2BA2239A5C59003E2B87 /* Preview Assets.xcassets */; };
		951D2BA6239A5C59003E2B87 /* LaunchScreen.storyboard in Resources */ = {isa = PBXBuildFile; fileRef = 951D2BA4239A5C59003E2B87 /* LaunchScreen.storyboard */; };
		951D2BBC239A5CA5003E2B87 /* Model.swift in Sources */ = {isa = PBXBuildFile; fileRef = 951D2BBB239A5CA5003E2B87 /* Model.swift */; };
		951D2BBE239A5DCC003E2B87 /* BudgetView.swift in Sources */ = {isa = PBXBuildFile; fileRef = 951D2BBD239A5DCC003E2B87 /* BudgetView.swift */; };
		951D2BC0239A5E3D003E2B87 /* Formatting.swift in Sources */ = {isa = PBXBuildFile; fileRef = 951D2BBF239A5E3D003E2B87 /* Formatting.swift */; };
		951D2BC4239A62C0003E2B87 /* CategoryView.swift in Sources */ = {isa = PBXBuildFile; fileRef = 951D2BC3239A62C0003E2B87 /* CategoryView.swift */; };
		951D2BC6239A7273003E2B87 /* StateController.swift in Sources */ = {isa = PBXBuildFile; fileRef = 951D2BC5239A7273003E2B87 /* StateController.swift */; };
		958C85E4239AA25D0087DB7C /* TransactionView.swift in Sources */ = {isa = PBXBuildFile; fileRef = 958C85E3239AA25D0087DB7C /* TransactionView.swift */; };
/* End PBXBuildFile section */

/* Begin PBXFileReference section */
		951D2B96239A5C58003E2B87 /* Budget.app */ = {isa = PBXFileReference; explicitFileType = wrapper.application; includeInIndex = 0; path = Budget.app; sourceTree = BUILT_PRODUCTS_DIR; };
		951D2B99239A5C58003E2B87 /* AppDelegate.swift */ = {isa = PBXFileReference; lastKnownFileType = sourcecode.swift; path = AppDelegate.swift; sourceTree = "<group>"; };
		951D2B9B239A5C58003E2B87 /* SceneDelegate.swift */ = {isa = PBXFileReference; lastKnownFileType = sourcecode.swift; path = SceneDelegate.swift; sourceTree = "<group>"; };
		951D2B9F239A5C59003E2B87 /* Assets.xcassets */ = {isa = PBXFileReference; lastKnownFileType = folder.assetcatalog; path = Assets.xcassets; sourceTree = "<group>"; };
		951D2BA2239A5C59003E2B87 /* Preview Assets.xcassets */ = {isa = PBXFileReference; lastKnownFileType = folder.assetcatalog; path = "Preview Assets.xcassets"; sourceTree = "<group>"; };
		951D2BA5239A5C59003E2B87 /* Base */ = {isa = PBXFileReference; lastKnownFileType = file.storyboard; name = Base; path = Base.lproj/LaunchScreen.storyboard; sourceTree = "<group>"; };
		951D2BA7239A5C59003E2B87 /* Info.plist */ = {isa = PBXFileReference; lastKnownFileType = text.plist.xml; path = Info.plist; sourceTree = "<group>"; };
		951D2BBB239A5CA5003E2B87 /* Model.swift */ = {isa = PBXFileReference; lastKnownFileType = sourcecode.swift; path = Model.swift; sourceTree = "<group>"; };
		951D2BBD239A5DCC003E2B87 /* BudgetView.swift */ = {isa = PBXFileReference; lastKnownFileType = sourcecode.swift; path = BudgetView.swift; sourceTree = "<group>"; };
		951D2BBF239A5E3D003E2B87 /* Formatting.swift */ = {isa = PBXFileReference; lastKnownFileType = sourcecode.swift; path = Formatting.swift; sourceTree = "<group>"; };
		951D2BC3239A62C0003E2B87 /* CategoryView.swift */ = {isa = PBXFileReference; lastKnownFileType = sourcecode.swift; path = CategoryView.swift; sourceTree = "<group>"; };
		951D2BC5239A7273003E2B87 /* StateController.swift */ = {isa = PBXFileReference; lastKnownFileType = sourcecode.swift; path = StateController.swift; sourceTree = "<group>"; };
		958C85E3239AA25D0087DB7C /* TransactionView.swift */ = {isa = PBXFileReference; lastKnownFileType = sourcecode.swift; path = TransactionView.swift; sourceTree = "<group>"; };
/* End PBXFileReference section */

/* Begin PBXFrameworksBuildPhase section */
		951D2B93239A5C58003E2B87 /* Frameworks */ = {
			isa = PBXFrameworksBuildPhase;
			buildActionMask = 2147483647;
			files = (
			);
			runOnlyForDeploymentPostprocessing = 0;
		};
/* End PBXFrameworksBuildPhase section */

/* Begin PBXGroup section */
		951D2B8D239A5C58003E2B87 = {
			isa = PBXGroup;
			children = (
				951D2B98239A5C58003E2B87 /* Budget */,
				951D2B97239A5C58003E2B87 /* Products */,
			);
			sourceTree = "<group>";
		};
		951D2B97239A5C58003E2B87 /* Products */ = {
			isa = PBXGroup;
			children = (
				951D2B96239A5C58003E2B87 /* Budget.app */,
			);
			name = Products;
			sourceTree = "<group>";
		};
		951D2B98239A5C58003E2B87 /* Budget */ = {
			isa = PBXGroup;
			children = (
				951D2B99239A5C58003E2B87 /* AppDelegate.swift */,
				951D2B9B239A5C58003E2B87 /* SceneDelegate.swift */,
				951D2BBD239A5DCC003E2B87 /* BudgetView.swift */,
				958C85E3239AA25D0087DB7C /* TransactionView.swift */,
				951D2BC3239A62C0003E2B87 /* CategoryView.swift */,
				951D2BBF239A5E3D003E2B87 /* Formatting.swift */,
				951D2BC5239A7273003E2B87 /* StateController.swift */,
				951D2BBB239A5CA5003E2B87 /* Model.swift */,
				951D2B9F239A5C59003E2B87 /* Assets.xcassets */,
				951D2BA4239A5C59003E2B87 /* LaunchScreen.storyboard */,
				951D2BA7239A5C59003E2B87 /* Info.plist */,
				951D2BA1239A5C59003E2B87 /* Preview Content */,
			);
			path = Budget;
			sourceTree = "<group>";
		};
		951D2BA1239A5C59003E2B87 /* Preview Content */ = {
			isa = PBXGroup;
			children = (
				951D2BA2239A5C59003E2B87 /* Preview Assets.xcassets */,
			);
			path = "Preview Content";
			sourceTree = "<group>";
		};
/* End PBXGroup section */

/* Begin PBXNativeTarget section */
		951D2B95239A5C58003E2B87 /* Budget */ = {
			isa = PBXNativeTarget;
			buildConfigurationList = 951D2BB5239A5C59003E2B87 /* Build configuration list for PBXNativeTarget "Budget" */;
			buildPhases = (
				951D2B92239A5C58003E2B87 /* Sources */,
				951D2B93239A5C58003E2B87 /* Frameworks */,
				951D2B94239A5C58003E2B87 /* Resources */,
			);
			buildRules = (
			);
			dependencies = (
			);
			name = Budget;
			productName = Budget;
			productReference = 951D2B96239A5C58003E2B87 /* Budget.app */;
			productType = "com.apple.product-type.application";
		};
/* End PBXNativeTarget section */

/* Begin PBXProject section */
		951D2B8E239A5C58003E2B87 /* Project object */ = {
			isa = PBXProject;
			attributes = {
				LastSwiftUpdateCheck = 1120;
				LastUpgradeCheck = 1120;
				ORGANIZATIONNAME = "Matteo Manferdini";
				TargetAttributes = {
					951D2B95239A5C58003E2B87 = {
						CreatedOnToolsVersion = 11.2.1;
					};
				};
			};
			buildConfigurationList = 951D2B91239A5C58003E2B87 /* Build configuration list for PBXProject "Budget" */;
			compatibilityVersion = "Xcode 9.3";
			developmentRegion = en;
			hasScannedForEncodings = 0;
			knownRegions = (
				en,
				Base,
			);
			mainGroup = 951D2B8D239A5C58003E2B87;
			productRefGroup = 951D2B97239A5C58003E2B87 /* Products */;
			projectDirPath = "";
			projectRoot = "";
			targets = (
				951D2B95239A5C58003E2B87 /* Budget */,
			);
		};
/* End PBXProject section */

/* Begin PBXResourcesBuildPhase section */
		951D2B94239A5C58003E2B87 /* Resources */ = {
			isa = PBXResourcesBuildPhase;
			buildActionMask = 2147483647;
			files = (
				951D2BA6239A5C59003E2B87 /* LaunchScreen.storyboard in Resources */,
				951D2BA3239A5C59003E2B87 /* Preview Assets.xcassets in Resources */,
				951D2BA0239A5C59003E2B87 /* Assets.xcassets in Resources */,
			);
			runOnlyForDeploymentPostprocessing = 0;
		};
/* End PBXResourcesBuildPhase section */

/* Begin PBXSourcesBuildPhase section */
		951D2B92239A5C58003E2B87 /* Sources */ = {
			isa = PBXSourcesBuildPhase;
			buildActionMask = 2147483647;
			files = (
				951D2BC0239A5E3D003E2B87 /* Formatting.swift in Sources */,
				951D2BC4239A62C0003E2B87 /* CategoryView.swift in Sources */,
				951D2B9A239A5C58003E2B87 /* AppDelegate.swift in Sources */,
				951D2B9C239A5C58003E2B87 /* SceneDelegate.swift in Sources */,
				951D2BC6239A7273003E2B87 /* StateController.swift in Sources */,
				951D2BBC239A5CA5003E2B87 /* Model.swift in Sources */,
				951D2BBE239A5DCC003E2B87 /* BudgetView.swift in Sources */,
				958C85E4239AA25D0087DB7C /* TransactionView.swift in Sources */,
			);
			runOnlyForDeploymentPostprocessing = 0;
		};
/* End PBXSourcesBuildPhase section */

/* Begin PBXVariantGroup section */
		951D2BA4239A5C59003E2B87 /* LaunchScreen.storyboard */ = {
			isa = PBXVariantGroup;
			children = (
				951D2BA5239A5C59003E2B87 /* Base */,
			);
			name = LaunchScreen.storyboard;
			sourceTree = "<group>";
		};
/* End PBXVariantGroup section */

/* Begin XCBuildConfiguration section */
		951D2BB3239A5C59003E2B87 /* Debug */ = {
			isa = XCBuildConfiguration;
			buildSettings = {
				ALWAYS_SEARCH_USER_PATHS = NO;
				CLANG_ANALYZER_NONNULL = YES;
				CLANG_ANALYZER_NUMBER_OBJECT_CONVERSION = YES_AGGRESSIVE;
				CLANG_CXX_LANGUAGE_STANDARD = "gnu++14";
				CLANG_CXX_LIBRARY = "libc++";
				CLANG_ENABLE_MODULES = YES;
				CLANG_ENABLE_OBJC_ARC = YES;
				CLANG_ENABLE_OBJC_WEAK = YES;
				CLANG_WARN_BLOCK_CAPTURE_AUTORELEASING = YES;
				CLANG_WARN_BOOL_CONVERSION = YES;
				CLANG_WARN_COMMA = YES;
				CLANG_WARN_CONSTANT_CONVERSION = YES;
				CLANG_WARN_DEPRECATED_OBJC_IMPLEMENTATIONS = YES;
				CLANG_WARN_DIRECT_OBJC_ISA_USAGE = YES_ERROR;
				CLANG_WARN_DOCUMENTATION_COMMENTS = YES;
				CLANG_WARN_EMPTY_BODY = YES;
				CLANG_WARN_ENUM_CONVERSION = YES;
				CLANG_WARN_INFINITE_RECURSION = YES;
				CLANG_WARN_INT_CONVERSION = YES;
				CLANG_WARN_NON_LITERAL_NULL_CONVERSION = YES;
				CLANG_WARN_OBJC_IMPLICIT_RETAIN_SELF = YES;
				CLANG_WARN_OBJC_LITERAL_CONVERSION = YES;
				CLANG_WARN_OBJC_ROOT_CLASS = YES_ERROR;
				CLANG_WARN_RANGE_LOOP_ANALYSIS = YES;
				CLANG_WARN_STRICT_PROTOTYPES = YES;
				CLANG_WARN_SUSPICIOUS_MOVE = YES;
				CLANG_WARN_UNGUARDED_AVAILABILITY = YES_AGGRESSIVE;
				CLANG_WARN_UNREACHABLE_CODE = YES;
				CLANG_WARN__DUPLICATE_METHOD_MATCH = YES;
				COPY_PHASE_STRIP = NO;
				DEBUG_INFORMATION_FORMAT = dwarf;
				ENABLE_STRICT_OBJC_MSGSEND = YES;
				ENABLE_TESTABILITY = YES;
				GCC_C_LANGUAGE_STANDARD = gnu11;
				GCC_DYNAMIC_NO_PIC = NO;
				GCC_NO_COMMON_BLOCKS = YES;
				GCC_OPTIMIZATION_LEVEL = 0;
				GCC_PREPROCESSOR_DEFINITIONS = (
					"DEBUG=1",
					"$(inherited)",
				);
				GCC_WARN_64_TO_32_BIT_CONVERSION = YES;
				GCC_WARN_ABOUT_RETURN_TYPE = YES_ERROR;
				GCC_WARN_UNDECLARED_SELECTOR = YES;
				GCC_WARN_UNINITIALIZED_AUTOS = YES_AGGRESSIVE;
				GCC_WARN_UNUSED_FUNCTION = YES;
				GCC_WARN_UNUSED_VARIABLE = YES;
				IPHONEOS_DEPLOYMENT_TARGET = 13.2;
				MTL_ENABLE_DEBUG_INFO = INCLUDE_SOURCE;
				MTL_FAST_MATH = YES;
				ONLY_ACTIVE_ARCH = YES;
				SDKROOT = iphoneos;
				SWIFT_ACTIVE_COMPILATION_CONDITIONS = DEBUG;
				SWIFT_OPTIMIZATION_LEVEL = "-Onone";
			};
			name = Debug;
		};
		951D2BB4239A5C59003E2B87 /* Release */ = {
			isa = XCBuildConfiguration;
			buildSettings = {
				ALWAYS_SEARCH_USER_PATHS = NO;
				CLANG_ANALYZER_NONNULL = YES;
				CLANG_ANALYZER_NUMBER_OBJECT_CONVERSION = YES_AGGRESSIVE;
				CLANG_CXX_LANGUAGE_STANDARD = "gnu++14";
				CLANG_CXX_LIBRARY = "libc++";
				CLANG_ENABLE_MODULES = YES;
				CLANG_ENABLE_OBJC_ARC = YES;
				CLANG_ENABLE_OBJC_WEAK = YES;
				CLANG_WARN_BLOCK_CAPTURE_AUTORELEASING = YES;
				CLANG_WARN_BOOL_CONVERSION = YES;
				CLANG_WARN_COMMA = YES;
				CLANG_WARN_CONSTANT_CONVERSION = YES;
				CLANG_WARN_DEPRECATED_OBJC_IMPLEMENTATIONS = YES;
				CLANG_WARN_DIRECT_OBJC_ISA_USAGE = YES_ERROR;
				CLANG_WARN_DOCUMENTATION_COMMENTS = YES;
				CLANG_WARN_EMPTY_BODY = YES;
				CLANG_WARN_ENUM_CONVERSION = YES;
				CLANG_WARN_INFINITE_RECURSION = YES;
				CLANG_WARN_INT_CONVERSION = YES;
				CLANG_WARN_NON_LITERAL_NULL_CONVERSION = YES;
				CLANG_WARN_OBJC_IMPLICIT_RETAIN_SELF = YES;
				CLANG_WARN_OBJC_LITERAL_CONVERSION = YES;
				CLANG_WARN_OBJC_ROOT_CLASS = YES_ERROR;
				CLANG_WARN_RANGE_LOOP_ANALYSIS = YES;
				CLANG_WARN_STRICT_PROTOTYPES = YES;
				CLANG_WARN_SUSPICIOUS_MOVE = YES;
				CLANG_WARN_UNGUARDED_AVAILABILITY = YES_AGGRESSIVE;
				CLANG_WARN_UNREACHABLE_CODE = YES;
				CLANG_WARN__DUPLICATE_METHOD_MATCH = YES;
				COPY_PHASE_STRIP = NO;
				DEBUG_INFORMATION_FORMAT = "dwarf-with-dsym";
				ENABLE_NS_ASSERTIONS = NO;
				ENABLE_STRICT_OBJC_MSGSEND = YES;
				GCC_C_LANGUAGE_STANDARD = gnu11;
				GCC_NO_COMMON_BLOCKS = YES;
				GCC_WARN_64_TO_32_BIT_CONVERSION = YES;
				GCC_WARN_ABOUT_RETURN_TYPE = YES_ERROR;
				GCC_WARN_UNDECLARED_SELECTOR = YES;
				GCC_WARN_UNINITIALIZED_AUTOS = YES_AGGRESSIVE;
				GCC_WARN_UNUSED_FUNCTION = YES;
				GCC_WARN_UNUSED_VARIABLE = YES;
				IPHONEOS_DEPLOYMENT_TARGET = 13.2;
				MTL_ENABLE_DEBUG_INFO = NO;
				MTL_FAST_MATH = YES;
				SDKROOT = iphoneos;
				SWIFT_COMPILATION_MODE = wholemodule;
				SWIFT_OPTIMIZATION_LEVEL = "-O";
				VALIDATE_PRODUCT = YES;
			};
			name = Release;
		};
		951D2BB6239A5C59003E2B87 /* Debug */ = {
			isa = XCBuildConfiguration;
			buildSettings = {
				ASSETCATALOG_COMPILER_APPICON_NAME = AppIcon;
				CODE_SIGN_STYLE = Automatic;
				DEVELOPMENT_ASSET_PATHS = "\"Budget/Preview Content\"";
				DEVELOPMENT_TEAM = DU7ZKD3PP7;
				ENABLE_PREVIEWS = YES;
				INFOPLIST_FILE = Budget/Info.plist;
				LD_RUNPATH_SEARCH_PATHS = (
					"$(inherited)",
					"@executable_path/Frameworks",
				);
				PRODUCT_BUNDLE_IDENTIFIER = com.purecreek.Budget;
				PRODUCT_NAME = "$(TARGET_NAME)";
				SWIFT_VERSION = 5.0;
				TARGETED_DEVICE_FAMILY = "1,2";
			};
			name = Debug;
		};
		951D2BB7239A5C59003E2B87 /* Release */ = {
			isa = XCBuildConfiguration;
			buildSettings = {
				ASSETCATALOG_COMPILER_APPICON_NAME = AppIcon;
				CODE_SIGN_STYLE = Automatic;
				DEVELOPMENT_ASSET_PATHS = "\"Budget/Preview Content\"";
				DEVELOPMENT_TEAM = DU7ZKD3PP7;
				ENABLE_PREVIEWS = YES;
				INFOPLIST_FILE = Budget/Info.plist;
				LD_RUNPATH_SEARCH_PATHS = (
					"$(inherited)",
					"@executable_path/Frameworks",
				);
				PRODUCT_BUNDLE_IDENTIFIER = com.purecreek.Budget;
				PRODUCT_NAME = "$(TARGET_NAME)";
				SWIFT_VERSION = 5.0;
				TARGETED_DEVICE_FAMILY = "1,2";
			};
			name = Release;
		};
/* End XCBuildConfiguration section */

/* Begin XCConfigurationList section */
		951D2B91239A5C58003E2B87 /* Build configuration list for PBXProject "Budget" */ = {
			isa = XCConfigurationList;
			buildConfigurations = (
				951D2BB3239A5C59003E2B87 /* Debug */,
				951D2BB4239A5C59003E2B87 /* Release */,
			);
			defaultConfigurationIsVisible = 0;
			defaultConfigurationName = Release;
		};
		951D2BB5239A5C59003E2B87 /* Build configuration list for PBXNativeTarget "Budget" */ = {
			isa = XCConfigurationList;
			buildConfigurations = (
				951D2BB6239A5C59003E2B87 /* Debug */,
				951D2BB7239A5C59003E2B87 /* Release */,
			);
			defaultConfigurationIsVisible = 0;
			defaultConfigurationName = Release;
		};
/* End XCConfigurationList section */
	};
	rootObject = 951D2B8E239A5C58003E2B87 /* Project object */;
}
